
Microsoft Visual Studio Solution File, Format Version 12.00
# Visual Studio Version 16
VisualStudioVersion = 16.0.31727.386
MinimumVisualStudioVersion = 10.0.40219.1
Project("{FAE04EC0-301F-11D3-BF4B-00C04F79EFBC}") = "MasterPageExample", "MasterPageExample\MasterPageExample.csproj", "{BAA5C948-2159-4304-BC6E-0E25C0150C12}"
EndProject
Global
	GlobalSection(SolutionConfigurationPlatforms) = preSolution
		Debug|Any CPU = Debug|Any CPU
		Release|Any CPU = Release|Any CPU
	EndGlobalSection
	GlobalSection(ProjectConfigurationPlatforms) = postSolution
		{BAA5C948-2159-4304-BC6E-0E25C0150C12}.Debug|Any CPU.ActiveCfg = Debug|Any CPU
		{BAA5C948-2159-4304-BC6E-0E25C0150C12}.Debug|Any CPU.Build.0 = Debug|Any CPU
		{BAA5C948-2159-4304-BC6E-0E25C0150C12}.Release|Any CPU.ActiveCfg = Release|Any CPU
		{BAA5C948-2159-4304-BC6E-0E25C0150C12}.Release|Any CPU.Build.0 = Release|Any CPU
	EndGlobalSection
	GlobalSection(SolutionProperties) = preSolution
		HideSolutionNode = FALSE
	EndGlobalSection
	GlobalSection(ExtensibilityGlobals) = postSolution
		SolutionGuid = {9F488600-60DC-4D67-96BF-E5BFD2C11E23}
	EndGlobalSection
EndGlobal
